
Microsoft Visual Studio Solution File, Format Version 12.00
# Visual Studio Version 17
VisualStudioVersion = 17.12.35323.107
MinimumVisualStudioVersion = 10.0.40219.1
Project("{FAE04EC0-301F-11D3-BF4B-00C04F79EFBC}") = "RefitWithGithub.Api", "RefitWithGithub.Api\RefitWithGithub.Api.csproj", "{5A7932DB-9627-4C14-A266-419D8F6E0DE7}"
EndProject
Project("{2150E333-8FDC-42A3-9474-1A3956D46DE8}") = "Document", "Document", "{79D37D60-4230-47DE-BC80-431F287F213C}"
	ProjectSection(SolutionItems) = preProject
		README.md = README.md
	EndProjectSection
EndProject
Global
	GlobalSection(SolutionConfigurationPlatforms) = preSolution
		Debug|Any CPU = Debug|Any CPU
		Release|Any CPU = Release|Any CPU
	EndGlobalSection
	GlobalSection(ProjectConfigurationPlatforms) = postSolution
		{5A7932DB-9627-4C14-A266-419D8F6E0DE7}.Debug|Any CPU.ActiveCfg = Debug|Any CPU
		{5A7932DB-9627-4C14-A266-419D8F6E0DE7}.Debug|Any CPU.Build.0 = Debug|Any CPU
		{5A7932DB-9627-4C14-A266-419D8F6E0DE7}.Release|Any CPU.ActiveCfg = Release|Any CPU
		{5A7932DB-9627-4C14-A266-419D8F6E0DE7}.Release|Any CPU.Build.0 = Release|Any CPU
	EndGlobalSection
	GlobalSection(SolutionProperties) = preSolution
		HideSolutionNode = FALSE
	EndGlobalSection
	GlobalSection(ExtensibilityGlobals) = postSolution
		SolutionGuid = {0E719951-81EB-48F6-B8DF-A8841D43B6F7}
	EndGlobalSection
EndGlobal
